
Microsoft Visual Studio Solution File, Format Version 12.00
# Visual Studio 14
VisualStudioVersion = 14.0.25420.1
MinimumVisualStudioVersion = 10.0.40219.1
Project("{2150E333-8FDC-42A3-9474-1A3956D46DE8}") = "src", "src", "{48D139C4-8BF6-4B1D-ACAF-D0A240145B5F}"
EndProject
Project("{2150E333-8FDC-42A3-9474-1A3956D46DE8}") = "Solution Items", "Solution Items", "{0CC22808-F0F0-45A3-829C-E91A120B6D8C}"
	ProjectSection(SolutionItems) = preProject
		global.json = global.json
	EndProjectSection
EndProject
Project("{8BB2217D-0F2D-49D1-97BC-3654ED321F3B}") = "mrtn-monit", "src\mrtn-monit\mrtn-monit.xproj", "{81D49264-DE0E-4CFA-A429-D5BE9324473A}"
EndProject
Global
	GlobalSection(SolutionConfigurationPlatforms) = preSolution
		Debug|Any CPU = Debug|Any CPU
		Release|Any CPU = Release|Any CPU
	EndGlobalSection
	GlobalSection(ProjectConfigurationPlatforms) = postSolution
		{81D49264-DE0E-4CFA-A429-D5BE9324473A}.Debug|Any CPU.ActiveCfg = Debug|Any CPU
		{81D49264-DE0E-4CFA-A429-D5BE9324473A}.Debug|Any CPU.Build.0 = Debug|Any CPU
		{81D49264-DE0E-4CFA-A429-D5BE9324473A}.Release|Any CPU.ActiveCfg = Release|Any CPU
		{81D49264-DE0E-4CFA-A429-D5BE9324473A}.Release|Any CPU.Build.0 = Release|Any CPU
	EndGlobalSection
	GlobalSection(SolutionProperties) = preSolution
		HideSolutionNode = FALSE
	EndGlobalSection
	GlobalSection(NestedProjects) = preSolution
		{81D49264-DE0E-4CFA-A429-D5BE9324473A} = {48D139C4-8BF6-4B1D-ACAF-D0A240145B5F}
	EndGlobalSection
EndGlobal
